<?xml version="1.0" encoding="utf-8"?>
<Project ToolsVersion="4.0" xmlns="http://schemas.microsoft.com/developer/msbuild/2003">
  <ItemGroup>
    <Filter Include="ソース ファイル">
      <UniqueIdentifier>{4FC737F1-C7A5-4376-A066-2A32D752A2FF}</UniqueIdentifier>
      <Extensions>cpp;c;cc;cxx;def;odl;idl;hpj;bat;asm;asmx</Extensions>
    </Filter>
    <Filter Include="ヘッダー ファイル">
      <UniqueIdentifier>{93995380-89BD-4b04-88EB-625FBE52EBFB}</UniqueIdentifier>
      <Extensions>h;hpp;hxx;hm;inl;inc;xsd</Extensions>
    </Filter>
    <Filter Include="リソース ファイル">
      <UniqueIdentifier>{67DA6AB6-F800-4c08-8B7A-83BB121AAD01}</UniqueIdentifier>
      <Extensions>rc;ico;cur;bmp;dlg;rc2;rct;bin;rgs;gif;jpg;jpeg;jpe;resx;tiff;tif;png;wav;mfcribbon-ms</Extensions>
    </Filter>
  </ItemGroup>
  <ItemGroup>
    <ClCompile Include="..\src\Button.cpp">
      <Filter>ソース ファイル</Filter>
    </ClCompile>
    <ClCompile Include="..\src\EntryScreen.cpp">
      <Filter>ソース ファイル</Filter>
    </ClCompile>
    <ClCompile Include="..\src\Game.cpp">
      <Filter>ソース ファイル</Filter>
    </ClCompile>
    <ClCompile Include="..\src\GameScreen.cpp">
      <Filter>ソース ファイル</Filter>
    </ClCompile>
    <ClCompile Include="..\src\main.cpp">
      <Filter>ソース ファイル</Filter>
    </ClCompile>
    <ClCompile Include="..\src\OpeningScreen.cpp">
      <Filter>ソース ファイル</Filter>
    </ClCompile>
    <ClCompile Include="..\src\Player.cpp">
      <Filter>ソース ファイル</Filter>
    </ClCompile>
    <ClCompile Include="..\src\PlayerList.cpp">
      <Filter>ソース ファイル</Filter>
    </ClCompile>
    <ClCompile Include="..\src\ResultScreen.cpp">
      <Filter>ソース ファイル</Filter>
    </ClCompile>
    <ClCompile Include="..\src\RuleScreen.cpp">
      <Filter>ソース ファイル</Filter>
    </ClCompile>
    <ClCompile Include="..\src\Screen.cpp">
      <Filter>ソース ファイル</Filter>
    </ClCompile>
    <ClCompile Include="..\src\Timer.cpp">
      <Filter>ソース ファイル</Filter>
    </ClCompile>
    <ClCompile Include="..\src\FontSettings.cpp">
      <Filter>ソース ファイル</Filter>
    </ClCompile>
    <ClCompile Include="..\src\CommonScreenConfigure.cpp">
      <Filter>ソース ファイル</Filter>
    </ClCompile>
    <ClCompile Include="..\src\CommonUtils.cpp">
      <Filter>ソース ファイル</Filter>
    </ClCompile>
  </ItemGroup>
  <ItemGroup>
    <ClInclude Include="..\include\Button.h">
      <Filter>ヘッダー ファイル</Filter>
    </ClInclude>
    <ClInclude Include="..\include\EntryScreen.h">
      <Filter>ヘッダー ファイル</Filter>
    </ClInclude>
    <ClInclude Include="..\include\Game.h">
      <Filter>ヘッダー ファイル</Filter>
    </ClInclude>
    <ClInclude Include="..\include\GameScreen.h">
      <Filter>ヘッダー ファイル</Filter>
    </ClInclude>
    <ClInclude Include="..\include\OpeningScreen.h">
      <Filter>ヘッダー ファイル</Filter>
    </ClInclude>
    <ClInclude Include="..\include\Player.h">
      <Filter>ヘッダー ファイル</Filter>
    </ClInclude>
    <ClInclude Include="..\include\PlayerList.h">
      <Filter>ヘッダー ファイル</Filter>
    </ClInclude>
    <ClInclude Include="..\include\ResultScreen.h">
      <Filter>ヘッダー ファイル</Filter>
    </ClInclude>
    <ClInclude Include="..\include\RuleScreen.h">
      <Filter>ヘッダー ファイル</Filter>
    </ClInclude>
    <ClInclude Include="..\include\Screen.h">
      <Filter>ヘッダー ファイル</Filter>
    </ClInclude>
    <ClInclude Include="..\include\Timer.h">
      <Filter>ヘッダー ファイル</Filter>
    </ClInclude>
    <ClInclude Include="..\include\FontSettings.h">
      <Filter>ヘッダー ファイル</Filter>
    </ClInclude>
    <ClInclude Include="..\include\CommonScreenConfigure.h">
      <Filter>ヘッダー ファイル</Filter>
    </ClInclude>
    <ClInclude Include="..\include\CommonUtils.h">
      <Filter>ヘッダー ファイル</Filter>
    </ClInclude>
  </ItemGroup>
</Project>